
Microsoft Visual Studio Solution File, Format Version 12.00
# Visual Studio Version 17
VisualStudioVersion = 17.10.35013.160
MinimumVisualStudioVersion = 10.0.40219.1
Project("{2150E333-8FDC-42A3-9474-1A3956D46DE8}") = "Services", "Services", "{DEE19FC4-AFAC-4F9F-A0E9-C9E7705C1633}"
EndProject
Project("{2150E333-8FDC-42A3-9474-1A3956D46DE8}") = "Catalog", "Catalog", "{C2040984-2B7B-4FDB-8B67-6BD9817C74B4}"
EndProject
Project("{9A19103F-16F7-4668-BE54-9A1E7A4F7556}") = "Catalog.API", "Catalog.API\Catalog.API.csproj", "{6F8F2C2E-078A-4D52-ABB0-D818FC249054}"
EndProject
Project("{2150E333-8FDC-42A3-9474-1A3956D46DE8}") = "BuildingBlocks", "BuildingBlocks", "{7F8A0D03-2FCE-4B8F-9747-434B2B58DB0C}"
EndProject
Project("{9A19103F-16F7-4668-BE54-9A1E7A4F7556}") = "BuildingBlocks", "BuildingBlocks\BuildingBlocks.csproj", "{B3F06C99-EA88-4859-B339-BEAFA1A581D6}"
EndProject
Project("{E53339B2-1760-4266-BCC7-CA923CBCF16C}") = "docker-compose", "docker-compose.dcproj", "{D50697C1-E8E0-4743-9DA2-B65622B3FABD}"
EndProject
Project("{2150E333-8FDC-42A3-9474-1A3956D46DE8}") = "Basket", "Basket", "{4BA27283-6D3D-4854-B8C6-CCB649F4F854}"
EndProject
Project("{FAE04EC0-301F-11D3-BF4B-00C04F79EFBC}") = "Basket.API", "Basket.API\Basket.API.csproj", "{8041829A-EE9D-41B5-B40C-30FC97418EE5}"
EndProject
Global
	GlobalSection(SolutionConfigurationPlatforms) = preSolution
		Debug|Any CPU = Debug|Any CPU
		Release|Any CPU = Release|Any CPU
	EndGlobalSection
	GlobalSection(ProjectConfigurationPlatforms) = postSolution
		{6F8F2C2E-078A-4D52-ABB0-D818FC249054}.Debug|Any CPU.ActiveCfg = Debug|Any CPU
		{6F8F2C2E-078A-4D52-ABB0-D818FC249054}.Debug|Any CPU.Build.0 = Debug|Any CPU
		{6F8F2C2E-078A-4D52-ABB0-D818FC249054}.Release|Any CPU.ActiveCfg = Release|Any CPU
		{6F8F2C2E-078A-4D52-ABB0-D818FC249054}.Release|Any CPU.Build.0 = Release|Any CPU
		{B3F06C99-EA88-4859-B339-BEAFA1A581D6}.Debug|Any CPU.ActiveCfg = Debug|Any CPU
		{B3F06C99-EA88-4859-B339-BEAFA1A581D6}.Debug|Any CPU.Build.0 = Debug|Any CPU
		{B3F06C99-EA88-4859-B339-BEAFA1A581D6}.Release|Any CPU.ActiveCfg = Release|Any CPU
		{B3F06C99-EA88-4859-B339-BEAFA1A581D6}.Release|Any CPU.Build.0 = Release|Any CPU
		{D50697C1-E8E0-4743-9DA2-B65622B3FABD}.Debug|Any CPU.ActiveCfg = Debug|Any CPU
		{D50697C1-E8E0-4743-9DA2-B65622B3FABD}.Debug|Any CPU.Build.0 = Debug|Any CPU
		{D50697C1-E8E0-4743-9DA2-B65622B3FABD}.Release|Any CPU.ActiveCfg = Release|Any CPU
		{D50697C1-E8E0-4743-9DA2-B65622B3FABD}.Release|Any CPU.Build.0 = Release|Any CPU
		{8041829A-EE9D-41B5-B40C-30FC97418EE5}.Debug|Any CPU.ActiveCfg = Debug|Any CPU
		{8041829A-EE9D-41B5-B40C-30FC97418EE5}.Debug|Any CPU.Build.0 = Debug|Any CPU
		{8041829A-EE9D-41B5-B40C-30FC97418EE5}.Release|Any CPU.ActiveCfg = Release|Any CPU
		{8041829A-EE9D-41B5-B40C-30FC97418EE5}.Release|Any CPU.Build.0 = Release|Any CPU
	EndGlobalSection
	GlobalSection(SolutionProperties) = preSolution
		HideSolutionNode = FALSE
	EndGlobalSection
	GlobalSection(NestedProjects) = preSolution
		{C2040984-2B7B-4FDB-8B67-6BD9817C74B4} = {DEE19FC4-AFAC-4F9F-A0E9-C9E7705C1633}
		{6F8F2C2E-078A-4D52-ABB0-D818FC249054} = {C2040984-2B7B-4FDB-8B67-6BD9817C74B4}
		{B3F06C99-EA88-4859-B339-BEAFA1A581D6} = {7F8A0D03-2FCE-4B8F-9747-434B2B58DB0C}
		{4BA27283-6D3D-4854-B8C6-CCB649F4F854} = {DEE19FC4-AFAC-4F9F-A0E9-C9E7705C1633}
		{8041829A-EE9D-41B5-B40C-30FC97418EE5} = {4BA27283-6D3D-4854-B8C6-CCB649F4F854}
	EndGlobalSection
	GlobalSection(ExtensibilityGlobals) = postSolution
		SolutionGuid = {539F23EB-E3E3-4FAE-B69B-662114D34C88}
	EndGlobalSection
EndGlobal
